{
  "version": 1,
  "dependencies": {
    "net10.0": {
      "CWTools": {
        "type": "Direct",
        "requested": "[0.5.0-alpha, )",
        "resolved": "0.5.0-alpha",
        "contentHash": "9HwPxfQdMHdWOyUpsW8HHtwarxjnJhb9iKMS1syqYRbl2jdtWcDDpgTTBHyztbvYHjk4yPr937x0pjSX+7xkgA==",
        "dependencies": {
          "DotNet.Glob": "3.1.3",
          "FParsec": "[1.0.4-RC3]",
          "FSharp.Collections.ParallelSeq": "1.2.0",
          "FSharp.Data": "[3.0.1]",
          "FSharpx.Collections": "[2.0.0]",
          "Sandwych.QuickGraph.Core": "1.0.0",
          "VDS.Common": "2.0.0"
        }
      },
      "FSharp.Core": {
        "type": "Direct",
        "requested": "[10.1.400, )",
        "resolved": "10.1.400",
        "contentHash": "H9wlZ/tWgNp+Q4WQ5aUSi3XOBXrL6z+UkR0PNeyDFyoZR3c3PbtA21B9FqlthrhEwQ6f5AtQV0JLhBBDqjjscw=="
      },
      "GameFinder": {
        "type": "Direct",
        "requested": "[4.9.0, )",
        "resolved": "4.9.0",
        "contentHash": "xMt2OExT1LvA0iBrSJ/PkVToENNSo3E94cMb+O8nf5AYhAcOhRLZJ02L6E4BkbTPc7A5ZTjAJoPErisllH1AmA==",
        "dependencies": {
          "GameFinder.Common": "4.9.0",
          "GameFinder.Launcher.Heroic": "4.9.0",
          "GameFinder.RegistryUtils": "4.9.0",
          "GameFinder.StoreHandlers.EADesktop": "4.9.0",
          "GameFinder.StoreHandlers.EGS": "4.9.0",
          "GameFinder.StoreHandlers.GOG": "4.9.0",
          "GameFinder.StoreHandlers.Origin": "4.9.0",
          "GameFinder.StoreHandlers.Steam": "4.9.0",
          "GameFinder.StoreHandlers.Xbox": "4.9.0",
          "GameFinder.Wine": "4.9.0"
        }
      },
      "HarmonyX": {
        "type": "Direct",
        "requested": "[2.16.1, )",
        "resolved": "2.16.1",
        "contentHash": "jcak87u4IqYs4rLw/zwuXr6LsmGc/ekQdEGSG6avy3A1aEK66a50BshmizpjpkSNU3uZadMutmy6ePSG5hgmtw==",
        "dependencies": {
          "MonoMod.RuntimeDetour": "25.3.4"
        }
      },
      "Microsoft.EntityFrameworkCore.Design": {
        "type": "Direct",
        "requested": "[10.0.11, )",
        "resolved": "10.0.11",
        "contentHash": "0zlzPs/jtrp2jGNZSxHLd0bRgDB/TlCDT17pnt8hovTVgCmC6qbX1277/goAlnZbRip1mZp1TVjjG+tj9PQ/Uw==",
        "dependencies": {
          "Humanizer.Core": "2.14.1",
          "Microsoft.Build.Framework": "18.0.2",
          "Microsoft.CodeAnalysis.CSharp": "5.0.0",
          "Microsoft.CodeAnalysis.CSharp.Workspaces": "5.0.0",
          "Microsoft.CodeAnalysis.Workspaces.MSBuild": "5.0.0",
          "Microsoft.EntityFrameworkCore.Relational": "10.0.11",
          "Microsoft.Extensions.Caching.Memory": "10.0.11",
          "Microsoft.Extensions.Configuration.Abstractions": "10.0.11",
          "Microsoft.Extensions.DependencyModel": "10.0.11",
          "Microsoft.Extensions.Logging": "10.0.11",
          "Mono.TextTemplating": "3.0.0",
          "Newtonsoft.Json": "13.0.4"
        }
      },
      "Microsoft.EntityFrameworkCore.Sqlite.Core": {
        "type": "Direct",
        "requested": "[10.0.11, )",
        "resolved": "10.0.11",
        "contentHash": "ywTQKt32xnVhCzjEQAqFufpEyXkOUfvW/EC/s4xnS8Xaor2xXE+TMUyzhgACqXtZEU5IR95y94RDzHto55Fx7w==",
        "dependencies": {
          "Microsoft.Data.Sqlite.Core": "10.0.11",
          "Microsoft.EntityFrameworkCore.Relational": "10.0.11",
          "Microsoft.Extensions.Caching.Memory": "10.0.11",
          "Microsoft.Extensions.Configuration.Abstractions": "10.0.11",
          "Microsoft.Extensions.DependencyModel": "10.0.11",
          "Microsoft.Extensions.Logging": "10.0.11",
          "SQLitePCLRaw.core": "2.1.12"
        }
      },
      "Microsoft.NET.ILLink.Tasks": {
        "type": "Direct",
        "requested": "[10.0.11, )",
        "resolved": "10.0.11",
        "contentHash": "IBf7lbovvjGWVWXZX5cJ/cO0WXbId0Zq4BuSeT94mGZuOAP66oMeH9PTBZ9Jpp3Jb6jtK0qm/NyUbPRo1gC/wQ=="
      },
      "SourceGear.sqlite3": {
        "type": "Direct",
        "requested": "[3.53.4, )",
        "resolved": "3.53.4",
        "contentHash": "aXPX39R0Vgivhi95Z82TRenG56bSOs+Hnt8h1GV0nmfuRaANObd3LC44eoZwszmQqALjaV3ZnBQRej8m5E0L4Q=="
      },
      "Spectre.Console": {
        "type": "Direct",
        "requested": "[0.57.2, )",
        "resolved": "0.57.2",
        "contentHash": "wzsB+P9i6F9G+cFOJxRotCiQWNSzZVAMxi8YMiHlGXXU1JLMXGp7zSSqBMmROZS2bzpK5jk+Saa7Evp8HwqhKg==",
        "dependencies": {
          "Spectre.Console.Ansi": "0.57.2"
        }
      },
      "Spectre.Console.Cli": {
        "type": "Direct",
        "requested": "[0.55.0, )",
        "resolved": "0.55.0",
        "contentHash": "cFJTB1te4eaAICd4Zp+8T/kiRn1ikQxgGqmoNarb1qoQ/7LzHAvVQ62x5U9GW3E0QI7sZLcXIIoq4CpqgTx42Q==",
        "dependencies": {
          "Spectre.Console": "0.55.0"
        }
      },
      "SQLitePCLRaw.config.e_sqlite3": {
        "type": "Direct",
        "requested": "[3.0.5, )",
        "resolved": "3.0.5",
        "contentHash": "aSk8WE5tF2MybESMgtZAEyMVCAWA0nBqOMc48HFoa9UoSdtm3goDXVzNRnefeKIwE6bV9NaNXptn1F9ReMQI0Q==",
        "dependencies": {
          "SQLitePCLRaw.provider.e_sqlite3": "3.0.5"
        }
      },
      "Tomlyn": {
        "type": "Direct",
        "requested": "[2.10.1, )",
        "resolved": "2.10.1",
        "contentHash": "ykjOY3IpYmC4SpPcAZRTl/w2jTmhPMDydHq8xcV7tTBAQ22nKBsOkPqauIrZlMjHm03cmKfV23UOPscKp+J4Og=="
      },
      "YamlDotNet": {
        "type": "Direct",
        "requested": "[18.1.0, )",
        "resolved": "18.1.0",
        "contentHash": "5K+9KFg2TdTl7VXv88Qzi/0lqK6JFoNP3lRuImPYGRV7K/QYklDyTrj4+A+KAki1JsQi6qKY+hDyY7d6WRqjrw=="
      },
      "DotNet.Glob": {
        "type": "Transitive",
        "resolved": "3.1.3",
        "contentHash": "hOfHw7MLJw/tbXaFwR1oiDb+dIXDp8URTxp5Pco42OOhiw77wrUNx6v6syNygHZbWwYdXQocL2Mo1l5FnfDVjg=="
      },
      "FluentResults": {
        "type": "Transitive",
        "resolved": "3.15.2",
        "contentHash": "yR3PD1SWKirYNpQ/t9TjJrsp1adazMmozLDPeamvSIljLAIjS0EQyyGvoupWsbZEryqW9SHbKXVL8YaJwURk8w==",
        "dependencies": {
          "Microsoft.Extensions.Logging.Abstractions": "6.0.1"
        }
      },
      "FParsec": {
        "type": "Transitive",
        "resolved": "1.0.4-RC3",
        "contentHash": "+Ov824RdzNYOmTdSLgx/rl57rJ/QhFWh+sCuk7MRGEQdmqc7PFsnf1oansj9fY4RbNIoMCG7sS6mJJPfLVNZhg==",
        "dependencies": {
          "FSharp.Core": "4.2.3",
          "NETStandard.Library": "1.6.1"
        }
      },
      "FSharp.Collections.ParallelSeq": {
        "type": "Transitive",
        "resolved": "1.2.0",
        "contentHash": "NoMSS6RHyAVixqAENqSWVNqQPYAHbU0WVVkr1M5ZoVmD1spM92SN4Fa+9+P7YjoQJJf2GYg9ENukjbmxGpQPag==",
        "dependencies": {
          "FSharp.Core": "5.0.0"
        }
      },
      "FSharp.Data": {
        "type": "Transitive",
        "resolved": "3.0.1",
        "contentHash": "Ow+LTtkJGouaZFxe8xh2+sIT549fWQ7QZPXMXz4wltaam/zQAXphYex24O1v4B5AplSAgTlJ5yWCWcvf8yzAdA==",
        "dependencies": {
          "FSharp.Core": "4.3.4"
        }
      },
      "FSharpx.Collections": {
        "type": "Transitive",
        "resolved": "2.0.0",
        "contentHash": "/+AgFH66lj/iyMB0z+R2zIoX7pGLs/pqAC9+4P9mo+PxPguxlIoVe536OMNDp9C7tWR1CMUNc3J6+Oly6S2g0w=="
      },
      "GameFinder.Common": {
        "type": "Transitive",
        "resolved": "4.9.0",
        "contentHash": "bZsWx9VrMvsu5PtVLOTNAVAYrW3idOmWrbyZaZ7q2+htBafHEDtYtaBg6/roICLdrjT2VxffC4oSkSjdUFLvRw==",
        "dependencies": {
          "FluentResults": "3.15.2",
          "Microsoft.Extensions.Logging.Abstractions": "9.0.4",
          "NexusMods.Paths": "0.19.1",
          "OneOf": "3.0.271"
        }
      },
      "GameFinder.Launcher.Heroic": {
        "type": "Transitive",
        "resolved": "4.9.0",
        "contentHash": "+tmpDI9/SEADmJXFha9GdERiH41tB56GhZ9Jk442STwGcazR5j7xFM+6TsyLmsU6TXVjCgr02wYopU1VFU5ihg==",
        "dependencies": {
          "GameFinder.StoreHandlers.GOG": "4.9.0",
          "GameFinder.Wine": "4.9.0"
        }
      },
      "GameFinder.RegistryUtils": {
        "type": "Transitive",
        "resolved": "4.9.0",
        "contentHash": "kNUPphnCie0Eqb4Ly045YocMAmfVDYtXI5Z6pODXV/lumRKmGnZOoEOn+oViNfY/k/DJnBNKg2N4oYsaXeWrEA=="
      },
      "GameFinder.StoreHandlers.EADesktop": {
        "type": "Transitive",
        "resolved": "4.9.0",
        "contentHash": "6aRAXVHYwUXlPXJfO8q357DTK6iQHt7SXwjcASDne/UwXj9ADRMkNQpVZKh+jzmPwdjMpOtmMrCT4/3ExHX9zQ==",
        "dependencies": {
          "GameFinder.Common": "4.9.0",
          "SHA3.Net": "2.0.0",
          "System.Management": "8.0.0",
          "TransparentValueObjects.Abstractions": "1.1.0"
        }
      },
      "GameFinder.StoreHandlers.EGS": {
        "type": "Transitive",
        "resolved": "4.9.0",
        "contentHash": "1FXsUw8+SLX12LyM/8Krl1f2eIhGmaFwzqIB0FnxR+a350MP/u9tQ739cLTJCCd/OHJ98Uidww09l4gJHRX+Kg==",
        "dependencies": {
          "GameFinder.Common": "4.9.0",
          "GameFinder.RegistryUtils": "4.9.0",
          "TransparentValueObjects.Abstractions": "1.1.0"
        }
      },
      "GameFinder.StoreHandlers.GOG": {
        "type": "Transitive",
        "resolved": "4.9.0",
        "contentHash": "J1nP4AkTjwsTgJhSLM5O9wV0T9bKt0BUqrMuoYlx1R+Cbco/I2/5pd9ijYOnVaGqxdih/iIHDDGnaI9OYBU6+A==",
        "dependencies": {
          "GameFinder.Common": "4.9.0",
          "GameFinder.RegistryUtils": "4.9.0",
          "TransparentValueObjects.Abstractions": "1.1.0"
        }
      },
      "GameFinder.StoreHandlers.Origin": {
        "type": "Transitive",
        "resolved": "4.9.0",
        "contentHash": "Obu6VOgvsJTsb7rXlVE3JEAcHJ/mt5s/kE++r2rkvkIyZzkzBQmeOvT9fPgXw2gAs6TLdw14op4c8Gb6/KIbzQ==",
        "dependencies": {
          "GameFinder.Common": "4.9.0",
          "GameFinder.RegistryUtils": "4.9.0",
          "TransparentValueObjects.Abstractions": "1.1.0"
        }
      },
      "GameFinder.StoreHandlers.Steam": {
        "type": "Transitive",
        "resolved": "4.9.0",
        "contentHash": "KTNII5mQsPHEVhqfIsvbG3t1AvCvmIgJQkFd2J3AP+84qZQAiPhl17DRDyt3kgJuesvK906jMzOpt6ypjRZECQ==",
        "dependencies": {
          "GameFinder.Common": "4.9.0",
          "GameFinder.RegistryUtils": "4.9.0",
          "GameFinder.Wine": "4.9.0",
          "TransparentValueObjects.Abstractions": "1.1.0",
          "ValveKeyValue": "0.13.1.398"
        }
      },
      "GameFinder.StoreHandlers.Xbox": {
        "type": "Transitive",
        "resolved": "4.9.0",
        "contentHash": "OzDIT1r9xD2fxmyUMxww/Oz9Ex182UVQquq0gU90njzJy3OKfsLk8uPuXm6i2Tr7xhfoLzg4wozP8R1nyEFrNw==",
        "dependencies": {
          "GameFinder.Common": "4.9.0",
          "TransparentValueObjects.Abstractions": "1.1.0"
        }
      },
      "GameFinder.Wine": {
        "type": "Transitive",
        "resolved": "4.9.0",
        "contentHash": "LlqnxPuot8gi6ay0qUgBD9TeiRIY0P8BIVzOgxIP+Ti/Wbd4HHq22yieP2aLOUkugXeArGTOYp+1ykjNgtjqZw==",
        "dependencies": {
          "GameFinder.Common": "4.9.0",
          "GameFinder.RegistryUtils": "4.9.0"
        }
      },
      "Humanizer.Core": {
        "type": "Transitive",
        "resolved": "2.14.1",
        "contentHash": "lQKvtaTDOXnoVJ20ibTuSIOf2i0uO0MPbDhd1jm238I+U/2ZnRENj0cktKZhtchBMtCUSRQ5v4xBCUbKNmyVMw=="
      },
      "Microsoft.Build.Framework": {
        "type": "Transitive",
        "resolved": "18.0.2",
        "contentHash": "sOSb+0J4G/jCBW/YqmRuL0eOMXgfw1KQLdC9TkbvfA5xs7uNm+PBQXJCOzSJGXtZcZrtXozcwxPmUiRUbmd7FA=="
      },
      "Microsoft.CodeAnalysis.Analyzers": {
        "type": "Transitive",
        "resolved": "3.11.0",
        "contentHash": "v/EW3UE8/lbEYHoC2Qq7AR/DnmvpgdtAMndfQNmpuIMx/Mto8L5JnuCfdBYtgvalQOtfNCnxFejxuRrryvUTsg=="
      },
      "Microsoft.CodeAnalysis.Common": {
        "type": "Transitive",
        "resolved": "5.0.0",
        "contentHash": "ZXRAdvH6GiDeHRyd3q/km8Z44RoM6FBWHd+gen/la81mVnAdHTEsEkO5J0TCNXBymAcx5UYKt5TvgKBhaLJEow==",
        "dependencies": {
          "Microsoft.CodeAnalysis.Analyzers": "3.11.0"
        }
      },
      "Microsoft.CodeAnalysis.CSharp": {
        "type": "Transitive",
        "resolved": "5.0.0",
        "contentHash": "5DSyJ9bk+ATuDy7fp2Zt0mJStDVKbBoiz1DyfAwSa+k4H4IwykAUcV3URelw5b8/iVbfSaOwkwmPUZH6opZKCw==",
        "dependencies": {
          "Microsoft.CodeAnalysis.Analyzers": "3.11.0",
          "Microsoft.CodeAnalysis.Common": "[5.0.0]"
        }
      },
      "Microsoft.CodeAnalysis.CSharp.Workspaces": {
        "type": "Transitive",
        "resolved": "5.0.0",
        "contentHash": "Al/Q8B+yO8odSqGVpSvrShMFDvlQdIBU//F3E6Rb0YdiLSALE9wh/pvozPNnfmh5HDnvU+mkmSjpz4hQO++jaA==",
        "dependencies": {
          "Humanizer.Core": "2.14.1",
          "Microsoft.CodeAnalysis.Analyzers": "3.11.0",
          "Microsoft.CodeAnalysis.CSharp": "[5.0.0]",
          "Microsoft.CodeAnalysis.Common": "[5.0.0]",
          "Microsoft.CodeAnalysis.Workspaces.Common": "[5.0.0]",
          "System.Composition": "9.0.0"
        }
      },
      "Microsoft.CodeAnalysis.Workspaces.Common": {
        "type": "Transitive",
        "resolved": "5.0.0",
        "contentHash": "ZbUmIvT6lqTNKiv06Jl5wf0MTMi1vQ1oH7ou4CLcs2C/no/L7EhP3T8y3XXvn9VbqMcJaJnEsNA1jwYUMgc5jg==",
        "dependencies": {
          "Humanizer.Core": "2.14.1",
          "Microsoft.CodeAnalysis.Analyzers": "3.11.0",
          "Microsoft.CodeAnalysis.Common": "[5.0.0]",
          "System.Composition": "9.0.0"
        }
      },
      "Microsoft.CodeAnalysis.Workspaces.MSBuild": {
        "type": "Transitive",
        "resolved": "5.0.0",
        "contentHash": "/G+LVoAGMz6Ae8nm+PGLxSw+F5RjYx/J7irbTO5uKAPw1bxHyQJLc/YOnpDxt+EpPtYxvC9wvBsg/kETZp1F9Q==",
        "dependencies": {
          "Humanizer.Core": "2.14.1",
          "Microsoft.Build.Framework": "17.11.31",
          "Microsoft.CodeAnalysis.Analyzers": "3.11.0",
          "Microsoft.CodeAnalysis.Workspaces.Common": "[5.0.0]",
          "Microsoft.Extensions.DependencyInjection": "9.0.0",
          "Microsoft.Extensions.Logging": "9.0.0",
          "Microsoft.Extensions.Logging.Abstractions": "9.0.0",
          "Microsoft.Extensions.Options": "9.0.0",
          "Microsoft.Extensions.Primitives": "9.0.0",
          "Microsoft.VisualStudio.SolutionPersistence": "1.0.52",
          "Newtonsoft.Json": "13.0.3",
          "System.Composition": "9.0.0"
        }
      },
      "Microsoft.Data.Sqlite.Core": {
        "type": "Transitive",
        "resolved": "10.0.11",
        "contentHash": "hubA20AGenQ4Sx0ElWaPpB8DISjXpdx463+1zOGRslsT0e/t/06ITv+pHsop8CcJ0d8PZLfgnT7juCDVD79Dkw==",
        "dependencies": {
          "SQLitePCLRaw.core": "2.1.12"
        }
      },
      "Microsoft.EntityFrameworkCore": {
        "type": "Transitive",
        "resolved": "10.0.11",
        "contentHash": "VOSGU8en6HZJs8t7UMFN+9vGcRgVOOn6fA44Ngcg2NyvJ3P1KE94iAb0XzaVaGhXGtt+qaM/VtEn0/hzluQJeg==",
        "dependencies": {
          "Microsoft.EntityFrameworkCore.Abstractions": "10.0.11",
          "Microsoft.EntityFrameworkCore.Analyzers": "10.0.11",
          "Microsoft.Extensions.Caching.Memory": "10.0.11",
          "Microsoft.Extensions.Logging": "10.0.11"
        }
      },
      "Microsoft.EntityFrameworkCore.Abstractions": {
        "type": "Transitive",
        "resolved": "10.0.11",
        "contentHash": "6auJR+9+9VunznKfH7WGrHMrnrmA0F7JZ22EXzwXvVhjfnbu9Xq7NSIWaOf3KJsOanM2qf5ajJ2JR5TlcPZTLA=="
      },
      "Microsoft.EntityFrameworkCore.Analyzers": {
        "type": "Transitive",
        "resolved": "10.0.11",
        "contentHash": "Bv7X4wSSnzCQED9WYXKJ8fwgyvKwf0xZM1GO8xkf6CF9zl+UBnvjxmcPnokJRy0JKjc1SlHSzzhx1HcL4jitTQ=="
      },
      "Microsoft.EntityFrameworkCore.Relational": {
        "type": "Transitive",
        "resolved": "10.0.11",
        "contentHash": "grznnTJgEYxaWpdKAsTzg6j+89jHgCXWYp+QGtlX5O92+w/VuhWM6JLPYb+uw8M9VhGUvOTsO76dYOy9vNPd5Q==",
        "dependencies": {
          "Microsoft.EntityFrameworkCore": "10.0.11",
          "Microsoft.Extensions.Caching.Memory": "10.0.11",
          "Microsoft.Extensions.Configuration.Abstractions": "10.0.11",
          "Microsoft.Extensions.Logging": "10.0.11"
        }
      },
      "Microsoft.Extensions.Caching.Abstractions": {
        "type": "Transitive",
        "resolved": "10.0.11",
        "contentHash": "vUl798SmruTqqlt/xH2gDk3tJlhk6k3HdOXAHirlRfbNKDym4g/kRpUL9S4sl6F6FsOTOMW+ZsDapqlZMOOiEw==",
        "dependencies": {
          "Microsoft.Extensions.Primitives": "10.0.11"
        }
      },
      "Microsoft.Extensions.Caching.Memory": {
        "type": "Transitive",
        "resolved": "10.0.11",
        "contentHash": "el1g0mBEbDBGY2bT9mcSfrTWO8QlPdq2nOCnvQugioOFwHV+bVBMeiakoI0dNOdj8d6Hi9K6HY2xzRUWJiDR3w==",
        "dependencies": {
          "Microsoft.Extensions.Caching.Abstractions": "10.0.11",
          "Microsoft.Extensions.DependencyInjection.Abstractions": "10.0.11",
          "Microsoft.Extensions.Logging.Abstractions": "10.0.11",
          "Microsoft.Extensions.Options": "10.0.11",
          "Microsoft.Extensions.Primitives": "10.0.11"
        }
      },
      "Microsoft.Extensions.Configuration.Abstractions": {
        "type": "Transitive",
        "resolved": "10.0.11",
        "contentHash": "fVi053xdpda9Em7vSkmgVxO/PtgC2m78ekReKWsgcyskqY0U82Bz/MONwxpGzI0hElYKJfw+fupqMVeKW3fSaA==",
        "dependencies": {
          "Microsoft.Extensions.Primitives": "10.0.11"
        }
      },
      "Microsoft.Extensions.DependencyInjection": {
        "type": "Transitive",
        "resolved": "10.0.11",
        "contentHash": "PSmotV19c7E3lKed++uYo1kSiXFI+uTl37CBSrhq+CfLC3FCHjG7R91+xPnNehQfHS1b0Tzo/CCLPWH3qaEheg==",
        "dependencies": {
          "Microsoft.Extensions.DependencyInjection.Abstractions": "10.0.11"
        }
      },
      "Microsoft.Extensions.DependencyInjection.Abstractions": {
        "type": "Transitive",
        "resolved": "10.0.11",
        "contentHash": "/a1aJz4m7ylhEDf25ugQChLQoN5XwoGjWw/BoR/ZWWKsO1v4DdJElS1uyngahz4B/eOzjFk1KNTkarRLE5wsIg=="
      },
      "Microsoft.Extensions.DependencyModel": {
        "type": "Transitive",
        "resolved": "10.0.11",
        "contentHash": "PJPtFYsZ+r+uz9qqXWUTEyKeJ1EiBGIJtqavkg9ZXijjGSFAk4Fgi5sqIxj+uAyLZwEKgexDUQXhWhvU6l3+og=="
      },
      "Microsoft.Extensions.Logging": {
        "type": "Transitive",
        "resolved": "10.0.11",
        "contentHash": "nUOJwgFkSiLHiVGFpU22pIJtuWYewuSYQ3JVuP/gdK8ASMT807Px+TYQiRWs6uSsOmoyFTaVCwKXTasczV6BpA==",
        "dependencies": {
          "Microsoft.Extensions.DependencyInjection": "10.0.11",
          "Microsoft.Extensions.Logging.Abstractions": "10.0.11",
          "Microsoft.Extensions.Options": "10.0.11"
        }
      },
      "Microsoft.Extensions.Logging.Abstractions": {
        "type": "Transitive",
        "resolved": "10.0.11",
        "contentHash": "Ljd0Uxoq5XpScD2Bg0nM/r3mwx7Ao5Uq24eo2ARxbGvqJ7Zht6rt2cJtwVRH4Cv+1ZVMdXz6TB43KbpmsxRrvQ==",
        "dependencies": {
          "Microsoft.Extensions.DependencyInjection.Abstractions": "10.0.11"
        }
      },
      "Microsoft.Extensions.Options": {
        "type": "Transitive",
        "resolved": "10.0.11",
        "contentHash": "eY1GAKcTfD2maP27J84X9IovT3yjHJ2dVDzPmDg6/XqYvt3jMzJhtfQCLjG9pVsZGAd+8DQ2QrjaDcs2+VQLGw==",
        "dependencies": {
          "Microsoft.Extensions.DependencyInjection.Abstractions": "10.0.11",
          "Microsoft.Extensions.Primitives": "10.0.11"
        }
      },
      "Microsoft.Extensions.Primitives": {
        "type": "Transitive",
        "resolved": "10.0.11",
        "contentHash": "SXcz+kF+4Oo9b1+55zntpJFYfwb1jw66ioxptyNOOTDc8g2FHnBFWjZpsWfCvZIhzr0x+4e2trVTs4OKwQfBtw=="
      },
      "Microsoft.NETCore.Platforms": {
        "type": "Transitive",
        "resolved": "1.1.0",
        "contentHash": "kz0PEW2lhqygehI/d6XsPCQzD7ff7gUJaVGPVETX611eadGsA3A877GdSlU0LRVMCTH/+P3o2iDTak+S08V2+A=="
      },
      "Microsoft.VisualStudio.SolutionPersistence": {
        "type": "Transitive",
        "resolved": "1.0.52",
        "contentHash": "oNv2JtYXhpdJrX63nibx1JT3uCESOBQ1LAk7Dtz/sr0+laW0KRM6eKp4CZ3MHDR2siIkKsY8MmUkeP5DKkQQ5w=="
      },
      "Mono.Cecil": {
        "type": "Transitive",
        "resolved": "0.11.6",
        "contentHash": "f33RkDtZO8VlGXCtmQIviOtxgnUdym9xx/b1p9h91CRGOsJFxCFOFK1FDbVt1OCf1aWwYejUFa2MOQyFWTFjbA=="
      },
      "Mono.TextTemplating": {
        "type": "Transitive",
        "resolved": "3.0.0",
        "contentHash": "YqueG52R/Xej4VVbKuRIodjiAhV0HR/XVbLbNrJhCZnzjnSjgMJ/dCdV0akQQxavX6hp/LC6rqLGLcXeQYU7XA==",
        "dependencies": {
          "System.CodeDom": "6.0.0"
        }
      },
      "MonoMod.Backports": {
        "type": "Transitive",
        "resolved": "1.1.2",
        "contentHash": "baYlNy8n8kmaNhNvqmZ/dIPOeO1r9//dG1i2WbunMWtWZ2EKtIgmXaS+ZzphzTsikkGnoD4Jwr5g0TVdpDjgpw==",
        "dependencies": {
          "MonoMod.ILHelpers": "1.1.0"
        }
      },
      "MonoMod.Core": {
        "type": "Transitive",
        "resolved": "1.3.4",
        "contentHash": "yeLEs4Y+hfFjiShKotDYKWiwnADra2kj8pYl66QewdcM/IRPIbjG6wAIVq38Zj9Ry2me33DCwXOHWrTnR7dZ1Q==",
        "dependencies": {
          "Mono.Cecil": "0.11.6",
          "MonoMod.Backports": "1.1.2",
          "MonoMod.ILHelpers": "1.1.0",
          "MonoMod.Utils": "25.0.12"
        }
      },
      "MonoMod.ILHelpers": {
        "type": "Transitive",
        "resolved": "1.1.0",
        "contentHash": "L2FWjhTrv7tcIxshfZ+M3OcaNr4cNw0IwiVZEgwqRnZ5QAN3+RrNJ8ZwCzwXUWyPDqooJxMcjjg8PsSYUiNBjQ=="
      },
      "MonoMod.RuntimeDetour": {
        "type": "Transitive",
        "resolved": "25.3.4",
        "contentHash": "hzAogPejsFAAWUaa+dFXH2GR2LdLSEAfPfT1sz1wCPXBxHzufbcVo8NkpsrhLEYVIQ0BDb1Xsyv/MqyFShC4bA==",
        "dependencies": {
          "Mono.Cecil": "0.11.6",
          "MonoMod.Backports": "1.1.2",
          "MonoMod.Core": "1.3.4",
          "MonoMod.ILHelpers": "1.1.0",
          "MonoMod.Utils": "25.0.12"
        }
      },
      "MonoMod.Utils": {
        "type": "Transitive",
        "resolved": "25.0.12",
        "contentHash": "8i/uRhkl7vW2DNMmDsIz+D7VaMtv9/jH+m7f4y5Zz3FJGbm15MVSwVfOp/fVV/1Ld6YFxk6jophDNVbAZUKR1Q==",
        "dependencies": {
          "Mono.Cecil": "0.11.6",
          "MonoMod.Backports": "1.1.2",
          "MonoMod.ILHelpers": "1.1.0"
        }
      },
      "NETStandard.Library": {
        "type": "Transitive",
        "resolved": "1.6.1",
        "contentHash": "WcSp3+vP+yHNgS8EV5J7pZ9IRpeDuARBPN28by8zqff1wJQXm26PVU8L3/fYLBJVU7BtDyqNVWq2KlCVvSSR4A==",
        "dependencies": {
          "Microsoft.NETCore.Platforms": "1.1.0"
        }
      },
      "Newtonsoft.Json": {
        "type": "Transitive",
        "resolved": "13.0.4",
        "contentHash": "pdgNNMai3zv51W5aq268sujXUyx7SNdE2bj1wZcWjAQrKMFZV260lbqYop1d2GM67JI1huLRwxo9ZqnfF/lC6A=="
      },
      "NexusMods.Paths": {
        "type": "Transitive",
        "resolved": "0.19.1",
        "contentHash": "eXfgHMv9/UfeBgrzx1GovOUBtp4dsJVP39JhylngcQw4psJWGO1HeWycf5bo2g0BcRLiji3YTCOtVeYpty8Q3w==",
        "dependencies": {
          "Microsoft.Extensions.DependencyInjection.Abstractions": "8.0.2",
          "Reloaded.Memory": "9.4.2",
          "TransparentValueObjects.Abstractions": "1.1.0"
        }
      },
      "OneOf": {
        "type": "Transitive",
        "resolved": "3.0.271",
        "contentHash": "pqpqeK8xQGggExhr4tesVgJkjdn+9HQAO0QgrYV2hFjE3y90okzk1kQMntMiUOGfV7FrCUfKPaVvPBD4IANqKg=="
      },
      "Reloaded.Memory": {
        "type": "Transitive",
        "resolved": "9.4.2",
        "contentHash": "yrjimngdXs7evlk/ZFbzP0uppTf0Og+LFFonITgpzZ94HmVOi8b+29YFfYdWTbf68qUzGP0D4s0VsMhaGerg5g=="
      },
      "Sandwych.QuickGraph.Core": {
        "type": "Transitive",
        "resolved": "1.0.0",
        "contentHash": "OJEAm5kik+51yBaDfDuSD9+bx3dI23IvcfFcSL+H6v/YfAYtHbiMkAn5aOljNlkHSig3uakMRGhCTYr3lDKrEA=="
      },
      "SHA3.Net": {
        "type": "Transitive",
        "resolved": "2.0.0",
        "contentHash": "ryLRgwVNnWLNW8fkl1qfr13eBkNhiRl2dPIksfEgcQghxrOt21PAEBxg/ofwW2l0FKanYpWT9WzD27O3PGHqpw=="
      },
      "Spectre.Console.Ansi": {
        "type": "Transitive",
        "resolved": "0.57.2",
        "contentHash": "Y1+u73shwP+JYHmrkdN6bSt2kaGBEAafhi2nrecczbXdFRey+k7J/WF9YPfcB0rqivv2S8fmif6FSBq9m/AFvw=="
      },
      "SQLitePCLRaw.core": {
        "type": "Transitive",
        "resolved": "3.0.5",
        "contentHash": "k81AYXXRCw3Zj8rOhyBoCsx/U97KYDFI2CSKr/ijl5BwpsW/hX/4kBiDmerFaoust8nxBwa0IHQFw8MmSHRtnQ=="
      },
      "SQLitePCLRaw.provider.e_sqlite3": {
        "type": "Transitive",
        "resolved": "3.0.5",
        "contentHash": "um8YSWduhhuskTG2bHfZrBqMNQOydfU8pcseT+cu5RivOGyoUbCrGXxgoRNTmRYw2VbMWnEZVVFcneZT/5dsBg==",
        "dependencies": {
          "SQLitePCLRaw.core": "3.0.5"
        }
      },
      "System.CodeDom": {
        "type": "Transitive",
        "resolved": "8.0.0",
        "contentHash": "WTlRjL6KWIMr/pAaq3rYqh0TJlzpouaQ/W1eelssHgtlwHAH25jXTkUphTYx9HaIIf7XA6qs/0+YhtLEQRkJ+Q=="
      },
      "System.Composition": {
        "type": "Transitive",
        "resolved": "9.0.0",
        "contentHash": "3Djj70fFTraOarSKmRnmRy/zm4YurICm+kiCtI0dYRqGJnLX6nJ+G3WYuFJ173cAPax/gh96REcbNiVqcrypFQ==",
        "dependencies": {
          "System.Composition.AttributedModel": "9.0.0",
          "System.Composition.Convention": "9.0.0",
          "System.Composition.Hosting": "9.0.0",
          "System.Composition.Runtime": "9.0.0",
          "System.Composition.TypedParts": "9.0.0"
        }
      },
      "System.Composition.AttributedModel": {
        "type": "Transitive",
        "resolved": "9.0.0",
        "contentHash": "iri00l/zIX9g4lHMY+Nz0qV1n40+jFYAmgsaiNn16xvt2RDwlqByNG4wgblagnDYxm3YSQQ0jLlC/7Xlk9CzyA=="
      },
      "System.Composition.Convention": {
        "type": "Transitive",
        "resolved": "9.0.0",
        "contentHash": "+vuqVP6xpi582XIjJi6OCsIxuoTZfR0M7WWufk3uGDeCl3wGW6KnpylUJ3iiXdPByPE0vR5TjJgR6hDLez4FQg==",
        "dependencies": {
          "System.Composition.AttributedModel": "9.0.0"
        }
      },
      "System.Composition.Hosting": {
        "type": "Transitive",
        "resolved": "9.0.0",
        "contentHash": "OFqSeFeJYr7kHxDfaViGM1ymk7d4JxK//VSoNF9Ux0gpqkLsauDZpu89kTHHNdCWfSljbFcvAafGyBoY094btQ==",
        "dependencies": {
          "System.Composition.Runtime": "9.0.0"
        }
      },
      "System.Composition.Runtime": {
        "type": "Transitive",
        "resolved": "9.0.0",
        "contentHash": "w1HOlQY1zsOWYussjFGZCEYF2UZXgvoYnS94NIu2CBnAGMbXFAX8PY8c92KwUItPmowal68jnVLBCzdrWLeEKA=="
      },
      "System.Composition.TypedParts": {
        "type": "Transitive",
        "resolved": "9.0.0",
        "contentHash": "aRZlojCCGEHDKqh43jaDgaVpYETsgd7Nx4g1zwLKMtv4iTo0627715ajEFNpEEBTgLmvZuv8K0EVxc3sM4NWJA==",
        "dependencies": {
          "System.Composition.AttributedModel": "9.0.0",
          "System.Composition.Hosting": "9.0.0",
          "System.Composition.Runtime": "9.0.0"
        }
      },
      "System.Management": {
        "type": "Transitive",
        "resolved": "8.0.0",
        "contentHash": "jrK22i5LRzxZCfGb+tGmke2VH7oE0DvcDlJ1HAKYU8cPmD8XnpUT0bYn2Gy98GEhGjtfbR/sxKTVb+dE770pfA==",
        "dependencies": {
          "System.CodeDom": "8.0.0"
        }
      },
      "TransparentValueObjects.Abstractions": {
        "type": "Transitive",
        "resolved": "1.1.0",
        "contentHash": "t3aNn6UhA2NO9uLAfBafHklhgVEuh9AxtrGZp9AdUTeDea84LCvea9W6IhjSQVkUuhuDIZ482kKzuwyVSuf+Rw=="
      },
      "ValveKeyValue": {
        "type": "Transitive",
        "resolved": "0.13.1.398",
        "contentHash": "Cm9fOJZ5Meb7uFON2XtvO2oiw/2hxAnkXI+5enms0AGNRZu5vPhw1PF5H1B2W8SbRZxqE/hkzMkWdIOO0MGPzg=="
      },
      "VDS.Common": {
        "type": "Transitive",
        "resolved": "2.0.0",
        "contentHash": "ogBkGWAZl4We1zBivoHcE41BM0ovlJ8OKwUhBDi+4aKoxWeUTtihdt9RZh4N2Y532e364vt4YgWiyq9Ne4KCZA=="
      }
    },
    "net10.0/linux-x64": {
      "SourceGear.sqlite3": {
        "type": "Direct",
        "requested": "[3.53.4, )",
        "resolved": "3.53.4",
        "contentHash": "aXPX39R0Vgivhi95Z82TRenG56bSOs+Hnt8h1GV0nmfuRaANObd3LC44eoZwszmQqALjaV3ZnBQRej8m5E0L4Q=="
      },
      "System.Management": {
        "type": "Transitive",
        "resolved": "8.0.0",
        "contentHash": "jrK22i5LRzxZCfGb+tGmke2VH7oE0DvcDlJ1HAKYU8cPmD8XnpUT0bYn2Gy98GEhGjtfbR/sxKTVb+dE770pfA==",
        "dependencies": {
          "System.CodeDom": "8.0.0"
        }
      }
    },
    "net10.0/osx-arm64": {
      "SourceGear.sqlite3": {
        "type": "Direct",
        "requested": "[3.53.4, )",
        "resolved": "3.53.4",
        "contentHash": "aXPX39R0Vgivhi95Z82TRenG56bSOs+Hnt8h1GV0nmfuRaANObd3LC44eoZwszmQqALjaV3ZnBQRej8m5E0L4Q=="
      },
      "System.Management": {
        "type": "Transitive",
        "resolved": "8.0.0",
        "contentHash": "jrK22i5LRzxZCfGb+tGmke2VH7oE0DvcDlJ1HAKYU8cPmD8XnpUT0bYn2Gy98GEhGjtfbR/sxKTVb+dE770pfA==",
        "dependencies": {
          "System.CodeDom": "8.0.0"
        }
      }
    },
    "net10.0/win-x64": {
      "SourceGear.sqlite3": {
        "type": "Direct",
        "requested": "[3.53.4, )",
        "resolved": "3.53.4",
        "contentHash": "aXPX39R0Vgivhi95Z82TRenG56bSOs+Hnt8h1GV0nmfuRaANObd3LC44eoZwszmQqALjaV3ZnBQRej8m5E0L4Q=="
      },
      "System.Management": {
        "type": "Transitive",
        "resolved": "8.0.0",
        "contentHash": "jrK22i5LRzxZCfGb+tGmke2VH7oE0DvcDlJ1HAKYU8cPmD8XnpUT0bYn2Gy98GEhGjtfbR/sxKTVb+dE770pfA==",
        "dependencies": {
          "System.CodeDom": "8.0.0"
        }
      }
    }
  }
}